
Microsoft Visual Studio Solution File, Format Version 12.00
# Visual Studio Version 17
VisualStudioVersion = 17.6.33829.357
MinimumVisualStudioVersion = 10.0.40219.1
Project("{9A19103F-16F7-4668-BE54-9A1E7A4F7556}") = "PZ_01", "PZ_01\PZ_01.csproj", "{8A7A60CD-BE1F-4FE3-A29C-E4B916A9431C}"
EndProject
Project("{9A19103F-16F7-4668-BE54-9A1E7A4F7556}") = "PZ_02", "PZ_02\PZ_02.csproj", "{89CD03CE-AE3E-483A-BD3D-81FC8C55C2C2}"
EndProject
Project("{9A19103F-16F7-4668-BE54-9A1E7A4F7556}") = "PZ_03", "PZ_03\PZ_03.csproj", "{5742D26F-5F38-4C5C-9227-59368CA21D11}"
EndProject
Project("{9A19103F-16F7-4668-BE54-9A1E7A4F7556}") = "PZ_04", "PZ_04\PZ_04.csproj", "{7C0B2586-6D62-4C86-A8A8-5F9DD84A347D}"
EndProject
Project("{FAE04EC0-301F-11D3-BF4B-00C04F79EFBC}") = "PZ_05", "PZ_05\PZ_05.csproj", "{B3E8ABCC-341C-46D4-BC96-158975D15C09}"
EndProject
Global
	GlobalSection(SolutionConfigurationPlatforms) = preSolution
		Debug|Any CPU = Debug|Any CPU
		Release|Any CPU = Release|Any CPU
	EndGlobalSection
	GlobalSection(ProjectConfigurationPlatforms) = postSolution
		{8A7A60CD-BE1F-4FE3-A29C-E4B916A9431C}.Debug|Any CPU.ActiveCfg = Debug|Any CPU
		{8A7A60CD-BE1F-4FE3-A29C-E4B916A9431C}.Debug|Any CPU.Build.0 = Debug|Any CPU
		{8A7A60CD-BE1F-4FE3-A29C-E4B916A9431C}.Release|Any CPU.ActiveCfg = Release|Any CPU
		{8A7A60CD-BE1F-4FE3-A29C-E4B916A9431C}.Release|Any CPU.Build.0 = Release|Any CPU
		{89CD03CE-AE3E-483A-BD3D-81FC8C55C2C2}.Debug|Any CPU.ActiveCfg = Debug|Any CPU
		{89CD03CE-AE3E-483A-BD3D-81FC8C55C2C2}.Debug|Any CPU.Build.0 = Debug|Any CPU
		{89CD03CE-AE3E-483A-BD3D-81FC8C55C2C2}.Release|Any CPU.ActiveCfg = Release|Any CPU
		{89CD03CE-AE3E-483A-BD3D-81FC8C55C2C2}.Release|Any CPU.Build.0 = Release|Any CPU
		{5742D26F-5F38-4C5C-9227-59368CA21D11}.Debug|Any CPU.ActiveCfg = Debug|Any CPU
		{5742D26F-5F38-4C5C-9227-59368CA21D11}.Debug|Any CPU.Build.0 = Debug|Any CPU
		{5742D26F-5F38-4C5C-9227-59368CA21D11}.Release|Any CPU.ActiveCfg = Release|Any CPU
		{5742D26F-5F38-4C5C-9227-59368CA21D11}.Release|Any CPU.Build.0 = Release|Any CPU
		{7C0B2586-6D62-4C86-A8A8-5F9DD84A347D}.Debug|Any CPU.ActiveCfg = Debug|Any CPU
		{7C0B2586-6D62-4C86-A8A8-5F9DD84A347D}.Debug|Any CPU.Build.0 = Debug|Any CPU
		{7C0B2586-6D62-4C86-A8A8-5F9DD84A347D}.Release|Any CPU.ActiveCfg = Release|Any CPU
		{7C0B2586-6D62-4C86-A8A8-5F9DD84A347D}.Release|Any CPU.Build.0 = Release|Any CPU
		{B3E8ABCC-341C-46D4-BC96-158975D15C09}.Debug|Any CPU.ActiveCfg = Debug|Any CPU
		{B3E8ABCC-341C-46D4-BC96-158975D15C09}.Debug|Any CPU.Build.0 = Debug|Any CPU
		{B3E8ABCC-341C-46D4-BC96-158975D15C09}.Release|Any CPU.ActiveCfg = Release|Any CPU
		{B3E8ABCC-341C-46D4-BC96-158975D15C09}.Release|Any CPU.Build.0 = Release|Any CPU
	EndGlobalSection
	GlobalSection(SolutionProperties) = preSolution
		HideSolutionNode = FALSE
	EndGlobalSection
	GlobalSection(ExtensibilityGlobals) = postSolution
		SolutionGuid = {37CB87CD-5217-45E4-A347-357388D55804}
	EndGlobalSection
EndGlobal
